
Microsoft Visual Studio Solution File, Format Version 12.00
Project("{FAE04EC0-301F-11D3-BF4B-00C04F79EFBC}") = "RFLOT.WebApi", "RFLOT.WebApi\RFLOT.WebApi.csproj", "{8C06D898-C992-47E6-948D-9C437590418F}"
EndProject
Global
	GlobalSection(SolutionConfigurationPlatforms) = preSolution
		Debug|Any CPU = Debug|Any CPU
		Release|Any CPU = Release|Any CPU
	EndGlobalSection
	GlobalSection(ProjectConfigurationPlatforms) = postSolution
		{8C06D898-C992-47E6-948D-9C437590418F}.Debug|Any CPU.ActiveCfg = Debug|Any CPU
		{8C06D898-C992-47E6-948D-9C437590418F}.Debug|Any CPU.Build.0 = Debug|Any CPU
		{8C06D898-C992-47E6-948D-9C437590418F}.Release|Any CPU.ActiveCfg = Release|Any CPU
		{8C06D898-C992-47E6-948D-9C437590418F}.Release|Any CPU.Build.0 = Release|Any CPU
	EndGlobalSection
EndGlobal
