
Microsoft Visual Studio Solution File, Format Version 12.00
Project("{FAE04EC0-301F-11D3-BF4B-00C04F79EFBC}") = "RFLOT.Gateway", "src\RFLOT.Gateway\RFLOT.Gateway.csproj", "{8C06D898-C992-47E6-948D-9C437590418F}"
EndProject
Project("{FAE04EC0-301F-11D3-BF4B-00C04F79EFBC}") = "RFLOT.Domain", "src\RFLOT.Domain\RFLOT.Domain.csproj", "{D263C365-7962-478A-BE14-398351345C7B}"
EndProject
Project("{FAE04EC0-301F-11D3-BF4B-00C04F79EFBC}") = "RFLOT.Infrastructure", "src\RFLOT.Infrastructure\RFLOT.Infrastructure.csproj", "{8245344A-9674-45D7-A505-D5BE54AB9667}"
EndProject
Project("{FAE04EC0-301F-11D3-BF4B-00C04F79EFBC}") = "RFLOT.Application", "src\RFLOT.Application\RFLOT.Application.csproj", "{8436A2FF-2F0A-4199-BB50-07023078E67D}"
EndProject
Project("{FAE04EC0-301F-11D3-BF4B-00C04F79EFBC}") = "RFLOT.Common", "src\RFLOT.Common\RFLOT.Common.csproj", "{D1093A72-2EFE-4D2B-A18B-83047883D1AE}"
EndProject
Project("{FAE04EC0-301F-11D3-BF4B-00C04F79EFBC}") = "RFLOT.Identity", "src\RFLOT.Identity\RFLOT.Identity.csproj", "{38739005-F6A4-40AC-AF9D-B48A0130D5C3}"
EndProject
Global
	GlobalSection(SolutionConfigurationPlatforms) = preSolution
		Debug|Any CPU = Debug|Any CPU
		Release|Any CPU = Release|Any CPU
	EndGlobalSection
	GlobalSection(ProjectConfigurationPlatforms) = postSolution
		{8C06D898-C992-47E6-948D-9C437590418F}.Debug|Any CPU.ActiveCfg = Debug|Any CPU
		{8C06D898-C992-47E6-948D-9C437590418F}.Debug|Any CPU.Build.0 = Debug|Any CPU
		{8C06D898-C992-47E6-948D-9C437590418F}.Release|Any CPU.ActiveCfg = Release|Any CPU
		{8C06D898-C992-47E6-948D-9C437590418F}.Release|Any CPU.Build.0 = Release|Any CPU
		{D263C365-7962-478A-BE14-398351345C7B}.Debug|Any CPU.ActiveCfg = Debug|Any CPU
		{D263C365-7962-478A-BE14-398351345C7B}.Debug|Any CPU.Build.0 = Debug|Any CPU
		{D263C365-7962-478A-BE14-398351345C7B}.Release|Any CPU.ActiveCfg = Release|Any CPU
		{D263C365-7962-478A-BE14-398351345C7B}.Release|Any CPU.Build.0 = Release|Any CPU
		{8245344A-9674-45D7-A505-D5BE54AB9667}.Debug|Any CPU.ActiveCfg = Debug|Any CPU
		{8245344A-9674-45D7-A505-D5BE54AB9667}.Debug|Any CPU.Build.0 = Debug|Any CPU
		{8245344A-9674-45D7-A505-D5BE54AB9667}.Release|Any CPU.ActiveCfg = Release|Any CPU
		{8245344A-9674-45D7-A505-D5BE54AB9667}.Release|Any CPU.Build.0 = Release|Any CPU
		{8436A2FF-2F0A-4199-BB50-07023078E67D}.Debug|Any CPU.ActiveCfg = Debug|Any CPU
		{8436A2FF-2F0A-4199-BB50-07023078E67D}.Debug|Any CPU.Build.0 = Debug|Any CPU
		{8436A2FF-2F0A-4199-BB50-07023078E67D}.Release|Any CPU.ActiveCfg = Release|Any CPU
		{8436A2FF-2F0A-4199-BB50-07023078E67D}.Release|Any CPU.Build.0 = Release|Any CPU
		{D1093A72-2EFE-4D2B-A18B-83047883D1AE}.Debug|Any CPU.ActiveCfg = Debug|Any CPU
		{D1093A72-2EFE-4D2B-A18B-83047883D1AE}.Debug|Any CPU.Build.0 = Debug|Any CPU
		{D1093A72-2EFE-4D2B-A18B-83047883D1AE}.Release|Any CPU.ActiveCfg = Release|Any CPU
		{D1093A72-2EFE-4D2B-A18B-83047883D1AE}.Release|Any CPU.Build.0 = Release|Any CPU
		{38739005-F6A4-40AC-AF9D-B48A0130D5C3}.Debug|Any CPU.ActiveCfg = Debug|Any CPU
		{38739005-F6A4-40AC-AF9D-B48A0130D5C3}.Debug|Any CPU.Build.0 = Debug|Any CPU
		{38739005-F6A4-40AC-AF9D-B48A0130D5C3}.Release|Any CPU.ActiveCfg = Release|Any CPU
		{38739005-F6A4-40AC-AF9D-B48A0130D5C3}.Release|Any CPU.Build.0 = Release|Any CPU
	EndGlobalSection
EndGlobal
